
Microsoft Visual Studio Solution File, Format Version 12.00
# Visual Studio Version 17
VisualStudioVersion = 17.13.35913.81
MinimumVisualStudioVersion = 10.0.40219.1
Project("{FAE04EC0-301F-11D3-BF4B-00C04F79EFBC}") = "DrillMagic.Core", "DrillMagic.Core\DrillMagic.Core.csproj", "{177D7D78-0105-4F87-9009-0ADEA63085CF}"
EndProject
Project("{FAE04EC0-301F-11D3-BF4B-00C04F79EFBC}") = "DrillMagic.Utils", "DrillMagic.Utils\DrillMagic.Utils.csproj", "{9BABB05D-2EFA-4672-B9EC-C9B56E65BA25}"
EndProject
Project("{FAE04EC0-301F-11D3-BF4B-00C04F79EFBC}") = "DrillMagic.Windows", "DrillMagic.Windows\DrillMagic.Windows\DrillMagic.Windows.csproj", "{CB2EDE91-FF22-46B6-AF27-3E7BE0D9206E}"
	ProjectSection(ProjectDependencies) = postProject
		{177D7D78-0105-4F87-9009-0ADEA63085CF} = {177D7D78-0105-4F87-9009-0ADEA63085CF}
	EndProjectSection
EndProject
Project("{C7167F0D-BC9F-4E6E-AFE1-012C56B48DB5}") = "DrillMagic.Windows-Package", "DrillMagic.Windows\DrillMagic.Windows-Package\DrillMagic.Windows-Package.wapproj", "{5C1601C4-391B-4DF6-A57D-F3A225758256}"
EndProject
Global
	GlobalSection(SolutionConfigurationPlatforms) = preSolution
		Debug|Any CPU = Debug|Any CPU
		Debug|ARM64 = Debug|ARM64
		Debug|x64 = Debug|x64
		Debug|x86 = Debug|x86
		Release|Any CPU = Release|Any CPU
		Release|ARM64 = Release|ARM64
		Release|x64 = Release|x64
		Release|x86 = Release|x86
	EndGlobalSection
	GlobalSection(ProjectConfigurationPlatforms) = postSolution
		{177D7D78-0105-4F87-9009-0ADEA63085CF}.Debug|Any CPU.ActiveCfg = Debug|Any CPU
		{177D7D78-0105-4F87-9009-0ADEA63085CF}.Debug|Any CPU.Build.0 = Debug|Any CPU
		{177D7D78-0105-4F87-9009-0ADEA63085CF}.Debug|ARM64.ActiveCfg = Debug|Any CPU
		{177D7D78-0105-4F87-9009-0ADEA63085CF}.Debug|ARM64.Build.0 = Debug|Any CPU
		{177D7D78-0105-4F87-9009-0ADEA63085CF}.Debug|x64.ActiveCfg = Debug|Any CPU
		{177D7D78-0105-4F87-9009-0ADEA63085CF}.Debug|x64.Build.0 = Debug|Any CPU
		{177D7D78-0105-4F87-9009-0ADEA63085CF}.Debug|x86.ActiveCfg = Debug|Any CPU
		{177D7D78-0105-4F87-9009-0ADEA63085CF}.Debug|x86.Build.0 = Debug|Any CPU
		{177D7D78-0105-4F87-9009-0ADEA63085CF}.Release|Any CPU.ActiveCfg = Release|Any CPU
		{177D7D78-0105-4F87-9009-0ADEA63085CF}.Release|Any CPU.Build.0 = Release|Any CPU
		{177D7D78-0105-4F87-9009-0ADEA63085CF}.Release|ARM64.ActiveCfg = Release|Any CPU
		{177D7D78-0105-4F87-9009-0ADEA63085CF}.Release|ARM64.Build.0 = Release|Any CPU
		{177D7D78-0105-4F87-9009-0ADEA63085CF}.Release|x64.ActiveCfg = Release|Any CPU
		{177D7D78-0105-4F87-9009-0ADEA63085CF}.Release|x64.Build.0 = Release|Any CPU
		{177D7D78-0105-4F87-9009-0ADEA63085CF}.Release|x86.ActiveCfg = Release|Any CPU
		{177D7D78-0105-4F87-9009-0ADEA63085CF}.Release|x86.Build.0 = Release|Any CPU
		{9BABB05D-2EFA-4672-B9EC-C9B56E65BA25}.Debug|Any CPU.ActiveCfg = Debug|Any CPU
		{9BABB05D-2EFA-4672-B9EC-C9B56E65BA25}.Debug|Any CPU.Build.0 = Debug|Any CPU
		{9BABB05D-2EFA-4672-B9EC-C9B56E65BA25}.Debug|ARM64.ActiveCfg = Debug|Any CPU
		{9BABB05D-2EFA-4672-B9EC-C9B56E65BA25}.Debug|ARM64.Build.0 = Debug|Any CPU
		{9BABB05D-2EFA-4672-B9EC-C9B56E65BA25}.Debug|x64.ActiveCfg = Debug|Any CPU
		{9BABB05D-2EFA-4672-B9EC-C9B56E65BA25}.Debug|x64.Build.0 = Debug|Any CPU
		{9BABB05D-2EFA-4672-B9EC-C9B56E65BA25}.Debug|x86.ActiveCfg = Debug|Any CPU
		{9BABB05D-2EFA-4672-B9EC-C9B56E65BA25}.Debug|x86.Build.0 = Debug|Any CPU
		{9BABB05D-2EFA-4672-B9EC-C9B56E65BA25}.Release|Any CPU.ActiveCfg = Release|Any CPU
		{9BABB05D-2EFA-4672-B9EC-C9B56E65BA25}.Release|Any CPU.Build.0 = Release|Any CPU
		{9BABB05D-2EFA-4672-B9EC-C9B56E65BA25}.Release|ARM64.ActiveCfg = Release|Any CPU
		{9BABB05D-2EFA-4672-B9EC-C9B56E65BA25}.Release|ARM64.Build.0 = Release|Any CPU
		{9BABB05D-2EFA-4672-B9EC-C9B56E65BA25}.Release|x64.ActiveCfg = Release|Any CPU
		{9BABB05D-2EFA-4672-B9EC-C9B56E65BA25}.Release|x64.Build.0 = Release|Any CPU
		{9BABB05D-2EFA-4672-B9EC-C9B56E65BA25}.Release|x86.ActiveCfg = Release|Any CPU
		{9BABB05D-2EFA-4672-B9EC-C9B56E65BA25}.Release|x86.Build.0 = Release|Any CPU
		{CB2EDE91-FF22-46B6-AF27-3E7BE0D9206E}.Debug|Any CPU.ActiveCfg = Debug|x64
		{CB2EDE91-FF22-46B6-AF27-3E7BE0D9206E}.Debug|Any CPU.Build.0 = Debug|x64
		{CB2EDE91-FF22-46B6-AF27-3E7BE0D9206E}.Debug|ARM64.ActiveCfg = Debug|ARM64
		{CB2EDE91-FF22-46B6-AF27-3E7BE0D9206E}.Debug|ARM64.Build.0 = Debug|ARM64
		{CB2EDE91-FF22-46B6-AF27-3E7BE0D9206E}.Debug|x64.ActiveCfg = Debug|x64
		{CB2EDE91-FF22-46B6-AF27-3E7BE0D9206E}.Debug|x64.Build.0 = Debug|x64
		{CB2EDE91-FF22-46B6-AF27-3E7BE0D9206E}.Debug|x86.ActiveCfg = Debug|x86
		{CB2EDE91-FF22-46B6-AF27-3E7BE0D9206E}.Debug|x86.Build.0 = Debug|x86
		{CB2EDE91-FF22-46B6-AF27-3E7BE0D9206E}.Release|Any CPU.ActiveCfg = Release|x64
		{CB2EDE91-FF22-46B6-AF27-3E7BE0D9206E}.Release|Any CPU.Build.0 = Release|x64
		{CB2EDE91-FF22-46B6-AF27-3E7BE0D9206E}.Release|ARM64.ActiveCfg = Release|ARM64
		{CB2EDE91-FF22-46B6-AF27-3E7BE0D9206E}.Release|ARM64.Build.0 = Release|ARM64
		{CB2EDE91-FF22-46B6-AF27-3E7BE0D9206E}.Release|x64.ActiveCfg = Release|x64
		{CB2EDE91-FF22-46B6-AF27-3E7BE0D9206E}.Release|x64.Build.0 = Release|x64
		{CB2EDE91-FF22-46B6-AF27-3E7BE0D9206E}.Release|x86.ActiveCfg = Release|x86
		{CB2EDE91-FF22-46B6-AF27-3E7BE0D9206E}.Release|x86.Build.0 = Release|x86
		{5C1601C4-391B-4DF6-A57D-F3A225758256}.Debug|Any CPU.ActiveCfg = Debug|x64
		{5C1601C4-391B-4DF6-A57D-F3A225758256}.Debug|Any CPU.Build.0 = Debug|x64
		{5C1601C4-391B-4DF6-A57D-F3A225758256}.Debug|Any CPU.Deploy.0 = Debug|x64
		{5C1601C4-391B-4DF6-A57D-F3A225758256}.Debug|ARM64.ActiveCfg = Debug|ARM64
		{5C1601C4-391B-4DF6-A57D-F3A225758256}.Debug|ARM64.Build.0 = Debug|ARM64
		{5C1601C4-391B-4DF6-A57D-F3A225758256}.Debug|ARM64.Deploy.0 = Debug|ARM64
		{5C1601C4-391B-4DF6-A57D-F3A225758256}.Debug|x64.ActiveCfg = Debug|x64
		{5C1601C4-391B-4DF6-A57D-F3A225758256}.Debug|x64.Build.0 = Debug|x64
		{5C1601C4-391B-4DF6-A57D-F3A225758256}.Debug|x64.Deploy.0 = Debug|x64
		{5C1601C4-391B-4DF6-A57D-F3A225758256}.Debug|x86.ActiveCfg = Debug|x86
		{5C1601C4-391B-4DF6-A57D-F3A225758256}.Debug|x86.Build.0 = Debug|x86
		{5C1601C4-391B-4DF6-A57D-F3A225758256}.Debug|x86.Deploy.0 = Debug|x86
		{5C1601C4-391B-4DF6-A57D-F3A225758256}.Release|Any CPU.ActiveCfg = Release|x64
		{5C1601C4-391B-4DF6-A57D-F3A225758256}.Release|Any CPU.Build.0 = Release|x64
		{5C1601C4-391B-4DF6-A57D-F3A225758256}.Release|Any CPU.Deploy.0 = Release|x64
		{5C1601C4-391B-4DF6-A57D-F3A225758256}.Release|ARM64.ActiveCfg = Release|ARM64
		{5C1601C4-391B-4DF6-A57D-F3A225758256}.Release|ARM64.Build.0 = Release|ARM64
		{5C1601C4-391B-4DF6-A57D-F3A225758256}.Release|ARM64.Deploy.0 = Release|ARM64
		{5C1601C4-391B-4DF6-A57D-F3A225758256}.Release|x64.ActiveCfg = Release|x64
		{5C1601C4-391B-4DF6-A57D-F3A225758256}.Release|x64.Build.0 = Release|x64
		{5C1601C4-391B-4DF6-A57D-F3A225758256}.Release|x64.Deploy.0 = Release|x64
		{5C1601C4-391B-4DF6-A57D-F3A225758256}.Release|x86.ActiveCfg = Release|x86
		{5C1601C4-391B-4DF6-A57D-F3A225758256}.Release|x86.Build.0 = Release|x86
		{5C1601C4-391B-4DF6-A57D-F3A225758256}.Release|x86.Deploy.0 = Release|x86
	EndGlobalSection
	GlobalSection(SolutionProperties) = preSolution
		HideSolutionNode = FALSE
	EndGlobalSection
	GlobalSection(ExtensibilityGlobals) = postSolution
		SolutionGuid = {55B1B9D4-ADA4-4245-9B10-6CB3C79FD758}
	EndGlobalSection
EndGlobal
